
Microsoft Visual Studio Solution File, Format Version 12.00
# Visual Studio 14
VisualStudioVersion = 14.0.25420.1
MinimumVisualStudioVersion = 10.0.40219.1
Project("{FAE04EC0-301F-11D3-BF4B-00C04F79EFBC}") = "GoogleDriveIntegrationWPFMVVM", "GoogleDriveIntegrationWPFMVVM\GoogleDriveIntegrationWPFMVVM.csproj", "{1A21E6C4-2F41-491A-A66F-4F9BCC05E53B}"
EndProject
Project("{2150E333-8FDC-42A3-9474-1A3956D46DE8}") = "Solution Items", "Solution Items", "{4A613A70-FC8F-4995-812C-3F88D210A93C}"
	ProjectSection(SolutionItems) = preProject
		README.md = README.md
	EndProjectSection
EndProject
Global
	GlobalSection(SolutionConfigurationPlatforms) = preSolution
		Debug|Any CPU = Debug|Any CPU
		Release|Any CPU = Release|Any CPU
	EndGlobalSection
	GlobalSection(ProjectConfigurationPlatforms) = postSolution
		{1A21E6C4-2F41-491A-A66F-4F9BCC05E53B}.Debug|Any CPU.ActiveCfg = Debug|Any CPU
		{1A21E6C4-2F41-491A-A66F-4F9BCC05E53B}.Debug|Any CPU.Build.0 = Debug|Any CPU
		{1A21E6C4-2F41-491A-A66F-4F9BCC05E53B}.Release|Any CPU.ActiveCfg = Release|Any CPU
		{1A21E6C4-2F41-491A-A66F-4F9BCC05E53B}.Release|Any CPU.Build.0 = Release|Any CPU
	EndGlobalSection
	GlobalSection(SolutionProperties) = preSolution
		HideSolutionNode = FALSE
	EndGlobalSection
EndGlobal
